schema: '2.0'
stages:
  prepare:
    cmd: python src/prepare.py
    deps:
    - path: src/prepare.py
      md5: 8bb700480c47eef497a6e693bdd102ab
      size: 980
    params:
      params.yaml:
        prepare.categories:
        - comp.graphics
        - rec.sport.baseball
    outs:
    - path: data/prepared
      md5: 77cdc4b415254bc15c5d109816504915.dir
      size: 3277682
      nfiles: 2
  featurize:
    cmd: python3 src/featurize.py data/prepared data/features
    deps:
    - path: data/prepared
      md5: 77cdc4b415254bc15c5d109816504915.dir
      size: 3277682
      nfiles: 2
    - path: src/featurize.py
      md5: 20fea8cdee321d4078e42451352a7222
      size: 1685
    outs:
    - path: data/features
      md5: e755e7d5e6de19e585c19bc7ab1c64c4.dir
      size: 418297906
      nfiles: 2
  train:
    cmd: python3 src/train.py data/features model.pkl
    deps:
    - path: data/features
      md5: e755e7d5e6de19e585c19bc7ab1c64c4.dir
      size: 418297906
      nfiles: 2
    - path: src/train.py
      md5: 4e2d26dcdf7e68de9b6c639ef4a15086
      size: 829
    params:
      params.yaml:
        train.alpha: 0.9
    outs:
    - path: model.pkl
      md5: b4837a0fe7b23a2e53660c637a8c4574
      size: 850957
